// !$*UTF8*$!
{
	archiveVersion = 1;
	classes = {
	};
	objectVersion = 77;
	objects = {

/* Begin PBXContainerItemProxy section */
		976425B22DA5DF9A0044024D /* PBXContainerItemProxy */ = {
			isa = PBXContainerItemProxy;
			containerPortal = 976425992DA5DF990044024D /* Project object */;
			proxyType = 1;
			remoteGlobalIDString = 976425A02DA5DF990044024D;
			remoteInfo = "AppTeam Final Project";
		};
		976425BC2DA5DF9A0044024D /* PBXContainerItemProxy */ = {
			isa = PBXContainerItemProxy;
			containerPortal = 976425992DA5DF990044024D /* Project object */;
			proxyType = 1;
			remoteGlobalIDString = 976425A02DA5DF990044024D;
			remoteInfo = "AppTeam Final Project";
		};
/* End PBXContainerItemProxy section */

/* Begin PBXFileReference section */
		976425A12DA5DF990044024D /* AppTeam Final Project.app */ = {isa = PBXFileReference; explicitFileType = wrapper.application; includeInIndex = 0; path = "AppTeam Final Project.app"; sourceTree = BUILT_PRODUCTS_DIR; };
		976425B12DA5DF9A0044024D /* AppTeam Final ProjectTests.xctest */ = {isa = PBXFileReference; explicitFileType = wrapper.cfbundle; includeInIndex = 0; path = "AppTeam Final ProjectTests.xctest"; sourceTree = BUILT_PRODUCTS_DIR; };
		976425BB2DA5DF9A0044024D /* AppTeam Final ProjectUITests.xctest */ = {isa = PBXFileReference; explicitFileType = wrapper.cfbundle; includeInIndex = 0; path = "AppTeam Final ProjectUITests.xctest"; sourceTree = BUILT_PRODUCTS_DIR; };
/* End PBXFileReference section */

/* Begin PBXFileSystemSynchronizedRootGroup section */
		976425A32DA5DF990044024D /* AppTeam Final Project */ = {
			isa = PBXFileSystemSynchronizedRootGroup;
			path = "AppTeam Final Project";
			sourceTree = "<group>";
		};
		976425B42DA5DF9A0044024D /* AppTeam Final ProjectTests */ = {
			isa = PBXFileSystemSynchronizedRootGroup;
			path = "AppTeam Final ProjectTests";
			sourceTree = "<group>";
		};
		976425BE2DA5DF9A0044024D /* AppTeam Final ProjectUITests */ = {
			isa = PBXFileSystemSynchronizedRootGroup;
			path = "AppTeam Final ProjectUITests";
			sourceTree = "<group>";
		};
/* End PBXFileSystemSynchronizedRootGroup section */

/* Begin PBXFrameworksBuildPhase section */
		9764259E2DA5DF990044024D /* Frameworks */ = {
			isa = PBXFrameworksBuildPhase;
			buildActionMask = 2147483647;
			files = (
			);
			runOnlyForDeploymentPostprocessing = 0;
		};
		976425AE2DA5DF9A0044024D /* Frameworks */ = {
			isa = PBXFrameworksBuildPhase;
			buildActionMask = 2147483647;
			files = (
			);
			runOnlyForDeploymentPostprocessing = 0;
		};
		976425B82DA5DF9A0044024D /* Frameworks */ = {
			isa = PBXFrameworksBuildPhase;
			buildActionMask = 2147483647;
			files = (
			);
			runOnlyForDeploymentPostprocessing = 0;
		};
/* End PBXFrameworksBuildPhase section */

/* Begin PBXGroup section */
		976425982DA5DF990044024D = {
			isa = PBXGroup;
			children = (
				976425A32DA5DF990044024D /* AppTeam Final Project */,
				976425B42DA5DF9A0044024D /* AppTeam Final ProjectTests */,
				976425BE2DA5DF9A0044024D /* AppTeam Final ProjectUITests */,
				976425A22DA5DF990044024D /* Products */,
			);
			sourceTree = "<group>";
		};
		976425A22DA5DF990044024D /* Products */ = {
			isa = PBXGroup;
			children = (
				976425A12DA5DF990044024D /* AppTeam Final Project.app */,
				976425B12DA5DF9A0044024D /* AppTeam Final ProjectTests.xctest */,
				976425BB2DA5DF9A0044024D /* AppTeam Final ProjectUITests.xctest */,
			);
			name = Products;
			sourceTree = "<group>";
		};
/* End PBXGroup section */

/* Begin PBXNativeTarget section */
		976425A02DA5DF990044024D /* AppTeam Final Project */ = {
			isa = PBXNativeTarget;
			buildConfigurationList = 976425C52DA5DF9A0044024D /* Build configuration list for PBXNativeTarget "AppTeam Final Project" */;
			buildPhases = (
				9764259D2DA5DF990044024D /* Sources */,
				9764259E2DA5DF990044024D /* Frameworks */,
				9764259F2DA5DF990044024D /* Resources */,
			);
			buildRules = (
			);
			dependencies = (
			);
			fileSystemSynchronizedGroups = (
				976425A32DA5DF990044024D /* AppTeam Final Project */,
			);
			name = "AppTeam Final Project";
			packageProductDependencies = (
			);
			productName = "AppTeam Final Project";
			productReference = 976425A12DA5DF990044024D /* AppTeam Final Project.app */;
			productType = "com.apple.product-type.application";
		};
		976425B02DA5DF9A0044024D /* AppTeam Final ProjectTests */ = {
			isa = PBXNativeTarget;
			buildConfigurationList = 976425C82DA5DF9A0044024D /* Build configuration list for PBXNativeTarget "AppTeam Final ProjectTests" */;
			buildPhases = (
				976425AD2DA5DF9A0044024D /* Sources */,
				976425AE2DA5DF9A0044024D /* Frameworks */,
				976425AF2DA5DF9A0044024D /* Resources */,
			);
			buildRules = (
			);
			dependencies = (
				976425B32DA5DF9A0044024D /* PBXTargetDependency */,
			);
			fileSystemSynchronizedGroups = (
				976425B42DA5DF9A0044024D /* AppTeam Final ProjectTests */,
			);
			name = "AppTeam Final ProjectTests";
			packageProductDependencies = (
			);
			productName = "AppTeam Final ProjectTests";
			productReference = 976425B12DA5DF9A0044024D /* AppTeam Final ProjectTests.xctest */;
			productType = "com.apple.product-type.bundle.unit-test";
		};
		976425BA2DA5DF9A0044024D /* AppTeam Final ProjectUITests */ = {
			isa = PBXNativeTarget;
			buildConfigurationList = 976425CB2DA5DF9A0044024D /* Build configuration list for PBXNativeTarget "AppTeam Final ProjectUITests" */;
			buildPhases = (
				976425B72DA5DF9A0044024D /* Sources */,
				976425B82DA5DF9A0044024D /* Frameworks */,
				976425B92DA5DF9A0044024D /* Resources */,
			);
			buildRules = (
			);
			dependencies = (
				976425BD2DA5DF9A0044024D /* PBXTargetDependency */,
			);
			fileSystemSynchronizedGroups = (
				976425BE2DA5DF9A0044024D /* AppTeam Final ProjectUITests */,
			);
			name = "AppTeam Final ProjectUITests";
			packageProductDependencies = (
			);
			productName = "AppTeam Final ProjectUITests";
			productReference = 976425BB2DA5DF9A0044024D /* AppTeam Final ProjectUITests.xctest */;
			productType = "com.apple.product-type.bundle.ui-testing";
		};
/* End PBXNativeTarget section */

/* Begin PBXProject section */
		976425992DA5DF990044024D /* Project object */ = {
			isa = PBXProject;
			attributes = {
				BuildIndependentTargetsInParallel = 1;
				LastSwiftUpdateCheck = 1620;
				LastUpgradeCheck = 1620;
				TargetAttributes = {
					976425A02DA5DF990044024D = {
						CreatedOnToolsVersion = 16.2;
					};
					976425B02DA5DF9A0044024D = {
						CreatedOnToolsVersion = 16.2;
						TestTargetID = 976425A02DA5DF990044024D;
					};
					976425BA2DA5DF9A0044024D = {
						CreatedOnToolsVersion = 16.2;
						TestTargetID = 976425A02DA5DF990044024D;
					};
				};
			};
			buildConfigurationList = 9764259C2DA5DF990044024D /* Build configuration list for PBXProject "AppTeam Final Project" */;
			developmentRegion = en;
			hasScannedForEncodings = 0;
			knownRegions = (
				en,
				Base,
			);
			mainGroup = 976425982DA5DF990044024D;
			minimizedProjectReferenceProxies = 1;
			preferredProjectObjectVersion = 77;
			productRefGroup = 976425A22DA5DF990044024D /* Products */;
			projectDirPath = "";
			projectRoot = "";
			targets = (
				976425A02DA5DF990044024D /* AppTeam Final Project */,
				976425B02DA5DF9A0044024D /* AppTeam Final ProjectTests */,
				976425BA2DA5DF9A0044024D /* AppTeam Final ProjectUITests */,
			);
		};
/* End PBXProject section */

/* Begin PBXResourcesBuildPhase section */
		9764259F2DA5DF990044024D /* Resources */ = {
			isa = PBXResourcesBuildPhase;
			buildActionMask = 2147483647;
			files = (
			);
			runOnlyForDeploymentPostprocessing = 0;
		};
		976425AF2DA5DF9A0044024D /* Resources */ = {
			isa = PBXResourcesBuildPhase;
			buildActionMask = 2147483647;
			files = (
			);
			runOnlyForDeploymentPostprocessing = 0;
		};
		976425B92DA5DF9A0044024D /* Resources */ = {
			isa = PBXResourcesBuildPhase;
			buildActionMask = 2147483647;
			files = (
			);
			runOnlyForDeploymentPostprocessing = 0;
		};
/* End PBXResourcesBuildPhase section */

/* Begin PBXSourcesBuildPhase section */
		9764259D2DA5DF990044024D /* Sources */ = {
			isa = PBXSourcesBuildPhase;
			buildActionMask = 2147483647;
			files = (
			);
			runOnlyForDeploymentPostprocessing = 0;
		};
		976425AD2DA5DF9A0044024D /* Sources */ = {
			isa = PBXSourcesBuildPhase;
			buildActionMask = 2147483647;
			files = (
			);
			runOnlyForDeploymentPostprocessing = 0;
		};
		976425B72DA5DF9A0044024D /* Sources */ = {
			isa = PBXSourcesBuildPhase;
			buildActionMask = 2147483647;
			files = (
			);
			runOnlyForDeploymentPostprocessing = 0;
		};
/* End PBXSourcesBuildPhase section */

/* Begin PBXTargetDependency section */
		976425B32DA5DF9A0044024D /* PBXTargetDependency */ = {
			isa = PBXTargetDependency;
			target = 976425A02DA5DF990044024D /* AppTeam Final Project */;
			targetProxy = 976425B22DA5DF9A0044024D /* PBXContainerItemProxy */;
		};
		976425BD2DA5DF9A0044024D /* PBXTargetDependency */ = {
			isa = PBXTargetDependency;
			target = 976425A02DA5DF990044024D /* AppTeam Final Project */;
			targetProxy = 976425BC2DA5DF9A0044024D /* PBXContainerItemProxy */;
		};
/* End PBXTargetDependency section */

/* Begin XCBuildConfiguration section */
		976425C32DA5DF9A0044024D /* Debug */ = {
			isa = XCBuildConfiguration;
			buildSettings = {
				ALWAYS_SEARCH_USER_PATHS = NO;
				ASSETCATALOG_COMPILER_GENERATE_SWIFT_ASSET_SYMBOL_EXTENSIONS = YES;
				CLANG_ANALYZER_NONNULL = YES;
				CLANG_ANALYZER_NUMBER_OBJECT_CONVERSION = YES_AGGRESSIVE;
				CLANG_CXX_LANGUAGE_STANDARD = "gnu++20";
				CLANG_ENABLE_MODULES = YES;
				CLANG_ENABLE_OBJC_ARC = YES;
				CLANG_ENABLE_OBJC_WEAK = YES;
				CLANG_WARN_BLOCK_CAPTURE_AUTORELEASING = YES;
				CLANG_WARN_BOOL_CONVERSION = YES;
				CLANG_WARN_COMMA = YES;
				CLANG_WARN_CONSTANT_CONVERSION = YES;
				CLANG_WARN_DEPRECATED_OBJC_IMPLEMENTATIONS = YES;
				CLANG_WARN_DIRECT_OBJC_ISA_USAGE = YES_ERROR;
				CLANG_WARN_DOCUMENTATION_COMMENTS = YES;
				CLANG_WARN_EMPTY_BODY = YES;
				CLANG_WARN_ENUM_CONVERSION = YES;
				CLANG_WARN_INFINITE_RECURSION = YES;
				CLANG_WARN_INT_CONVERSION = YES;
				CLANG_WARN_NON_LITERAL_NULL_CONVERSION = YES;
				CLANG_WARN_OBJC_IMPLICIT_RETAIN_SELF = YES;
				CLANG_WARN_OBJC_LITERAL_CONVERSION = YES;
				CLANG_WARN_OBJC_ROOT_CLASS = YES_ERROR;
				CLANG_WARN_QUOTED_INCLUDE_IN_FRAMEWORK_HEADER = YES;
				CLANG_WARN_RANGE_LOOP_ANALYSIS = YES;
				CLANG_WARN_STRICT_PROTOTYPES = YES;
				CLANG_WARN_SUSPICIOUS_MOVE = YES;
				CLANG_WARN_UNGUARDED_AVAILABILITY = YES_AGGRESSIVE;
				CLANG_WARN_UNREACHABLE_CODE = YES;
				CLANG_WARN__DUPLICATE_METHOD_MATCH = YES;
				COPY_PHASE_STRIP = NO;
				DEBUG_INFORMATION_FORMAT = dwarf;
				ENABLE_STRICT_OBJC_MSGSEND = YES;
				ENABLE_TESTABILITY = YES;
				ENABLE_USER_SCRIPT_SANDBOXING = YES;
				GCC_C_LANGUAGE_STANDARD = gnu17;
				GCC_DYNAMIC_NO_PIC = NO;
				GCC_NO_COMMON_BLOCKS = YES;
				GCC_OPTIMIZATION_LEVEL = 0;
				GCC_PREPROCESSOR_DEFINITIONS = (
					"DEBUG=1",
					"$(inherited)",
				);
				GCC_WARN_64_TO_32_BIT_CONVERSION = YES;
				GCC_WARN_ABOUT_RETURN_TYPE = YES_ERROR;
				GCC_WARN_UNDECLARED_SELECTOR = YES;
				GCC_WARN_UNINITIALIZED_AUTOS = YES_AGGRESSIVE;
				GCC_WARN_UNUSED_FUNCTION = YES;
				GCC_WARN_UNUSED_VARIABLE = YES;
				IPHONEOS_DEPLOYMENT_TARGET = 18.2;
				LOCALIZATION_PREFERS_STRING_CATALOGS = YES;
				MTL_ENABLE_DEBUG_INFO = INCLUDE_SOURCE;
				MTL_FAST_MATH = YES;
				ONLY_ACTIVE_ARCH = YES;
				SDKROOT = iphoneos;
				SWIFT_ACTIVE_COMPILATION_CONDITIONS = "DEBUG $(inherited)";
				SWIFT_OPTIMIZATION_LEVEL = "-Onone";
			};
			name = Debug;
		};
		976425C42DA5DF9A0044024D /* Release */ = {
			isa = XCBuildConfiguration;
			buildSettings = {
				ALWAYS_SEARCH_USER_PATHS = NO;
				ASSETCATALOG_COMPILER_GENERATE_SWIFT_ASSET_SYMBOL_EXTENSIONS = YES;
				CLANG_ANALYZER_NONNULL = YES;
				CLANG_ANALYZER_NUMBER_OBJECT_CONVERSION = YES_AGGRESSIVE;
				CLANG_CXX_LANGUAGE_STANDARD = "gnu++20";
				CLANG_ENABLE_MODULES = YES;
				CLANG_ENABLE_OBJC_ARC = YES;
				CLANG_ENABLE_OBJC_WEAK = YES;
				CLANG_WARN_BLOCK_CAPTURE_AUTORELEASING = YES;
				CLANG_WARN_BOOL_CONVERSION = YES;
				CLANG_WARN_COMMA = YES;
				CLANG_WARN_CONSTANT_CONVERSION = YES;
				CLANG_WARN_DEPRECATED_OBJC_IMPLEMENTATIONS = YES;
				CLANG_WARN_DIRECT_OBJC_ISA_USAGE = YES_ERROR;
				CLANG_WARN_DOCUMENTATION_COMMENTS = YES;
				CLANG_WARN_EMPTY_BODY = YES;
				CLANG_WARN_ENUM_CONVERSION = YES;
				CLANG_WARN_INFINITE_RECURSION = YES;
				CLANG_WARN_INT_CONVERSION = YES;
				CLANG_WARN_NON_LITERAL_NULL_CONVERSION = YES;
				CLANG_WARN_OBJC_IMPLICIT_RETAIN_SELF = YES;
				CLANG_WARN_OBJC_LITERAL_CONVERSION = YES;
				CLANG_WARN_OBJC_ROOT_CLASS = YES_ERROR;
				CLANG_WARN_QUOTED_INCLUDE_IN_FRAMEWORK_HEADER = YES;
				CLANG_WARN_RANGE_LOOP_ANALYSIS = YES;
				CLANG_WARN_STRICT_PROTOTYPES = YES;
				CLANG_WARN_SUSPICIOUS_MOVE = YES;
				CLANG_WARN_UNGUARDED_AVAILABILITY = YES_AGGRESSIVE;
				CLANG_WARN_UNREACHABLE_CODE = YES;
				CLANG_WARN__DUPLICATE_METHOD_MATCH = YES;
				COPY_PHASE_STRIP = NO;
				DEBUG_INFORMATION_FORMAT = "dwarf-with-dsym";
				ENABLE_NS_ASSERTIONS = NO;
				ENABLE_STRICT_OBJC_MSGSEND = YES;
				ENABLE_USER_SCRIPT_SANDBOXING = YES;
				GCC_C_LANGUAGE_STANDARD = gnu17;
				GCC_NO_COMMON_BLOCKS = YES;
				GCC_WARN_64_TO_32_BIT_CONVERSION = YES;
				GCC_WARN_ABOUT_RETURN_TYPE = YES_ERROR;
				GCC_WARN_UNDECLARED_SELECTOR = YES;
				GCC_WARN_UNINITIALIZED_AUTOS = YES_AGGRESSIVE;
				GCC_WARN_UNUSED_FUNCTION = YES;
				GCC_WARN_UNUSED_VARIABLE = YES;
				IPHONEOS_DEPLOYMENT_TARGET = 18.2;
				LOCALIZATION_PREFERS_STRING_CATALOGS = YES;
				MTL_ENABLE_DEBUG_INFO = NO;
				MTL_FAST_MATH = YES;
				SDKROOT = iphoneos;
				SWIFT_COMPILATION_MODE = wholemodule;
				VALIDATE_PRODUCT = YES;
			};
			name = Release;
		};
		976425C62DA5DF9A0044024D /* Debug */ = {
			isa = XCBuildConfiguration;
			buildSettings = {
				ASSETCATALOG_COMPILER_APPICON_NAME = AppIcon;
				ASSETCATALOG_COMPILER_GLOBAL_ACCENT_COLOR_NAME = AccentColor;
				CODE_SIGN_STYLE = Automatic;
				CURRENT_PROJECT_VERSION = 1;
				DEVELOPMENT_ASSET_PATHS = "\"AppTeam Final Project/Preview Content\"";
				ENABLE_PREVIEWS = YES;
				GENERATE_INFOPLIST_FILE = YES;
				INFOPLIST_KEY_UIApplicationSceneManifest_Generation = YES;
				INFOPLIST_KEY_UIApplicationSupportsIndirectInputEvents = YES;
				INFOPLIST_KEY_UILaunchScreen_Generation = YES;
				INFOPLIST_KEY_UISupportedInterfaceOrientations_iPad = "UIInterfaceOrientationPortrait UIInterfaceOrientationPortraitUpsideDown UIInterfaceOrientationLandscapeLeft UIInterfaceOrientationLandscapeRight";
				INFOPLIST_KEY_UISupportedInterfaceOrientations_iPhone = "UIInterfaceOrientationPortrait UIInterfaceOrientationLandscapeLeft UIInterfaceOrientationLandscapeRight";
				LD_RUNPATH_SEARCH_PATHS = (
					"$(inherited)",
					"@executable_path/Frameworks",
				);
				MARKETING_VERSION = 1.0;
				PRODUCT_BUNDLE_IDENTIFIER = "App-Team.AppTeam-Final-Project";
				PRODUCT_NAME = "$(TARGET_NAME)";
				SWIFT_EMIT_LOC_STRINGS = YES;
				SWIFT_VERSION = 5.0;
				TARGETED_DEVICE_FAMILY = "1,2";
			};
			name = Debug;
		};
		976425C72DA5DF9A0044024D /* Release */ = {
			isa = XCBuildConfiguration;
			buildSettings = {
				ASSETCATALOG_COMPILER_APPICON_NAME = AppIcon;
				ASSETCATALOG_COMPILER_GLOBAL_ACCENT_COLOR_NAME = AccentColor;
				CODE_SIGN_STYLE = Automatic;
				CURRENT_PROJECT_VERSION = 1;
				DEVELOPMENT_ASSET_PATHS = "\"AppTeam Final Project/Preview Content\"";
				ENABLE_PREVIEWS = YES;
				GENERATE_INFOPLIST_FILE = YES;
				INFOPLIST_KEY_UIApplicationSceneManifest_Generation = YES;
				INFOPLIST_KEY_UIApplicationSupportsIndirectInputEvents = YES;
				INFOPLIST_KEY_UILaunchScreen_Generation = YES;
				INFOPLIST_KEY_UISupportedInterfaceOrientations_iPad = "UIInterfaceOrientationPortrait UIInterfaceOrientationPortraitUpsideDown UIInterfaceOrientationLandscapeLeft UIInterfaceOrientationLandscapeRight";
				INFOPLIST_KEY_UISupportedInterfaceOrientations_iPhone = "UIInterfaceOrientationPortrait UIInterfaceOrientationLandscapeLeft UIInterfaceOrientationLandscapeRight";
				LD_RUNPATH_SEARCH_PATHS = (
					"$(inherited)",
					"@executable_path/Frameworks",
				);
				MARKETING_VERSION = 1.0;
				PRODUCT_BUNDLE_IDENTIFIER = "App-Team.AppTeam-Final-Project";
				PRODUCT_NAME = "$(TARGET_NAME)";
				SWIFT_EMIT_LOC_STRINGS = YES;
				SWIFT_VERSION = 5.0;
				TARGETED_DEVICE_FAMILY = "1,2";
			};
			name = Release;
		};
		976425C92DA5DF9A0044024D /* Debug */ = {
			isa = XCBuildConfiguration;
			buildSettings = {
				BUNDLE_LOADER = "$(TEST_HOST)";
				CODE_SIGN_STYLE = Automatic;
				CURRENT_PROJECT_VERSION = 1;
				GENERATE_INFOPLIST_FILE = YES;
				IPHONEOS_DEPLOYMENT_TARGET = 18.2;
				MARKETING_VERSION = 1.0;
				PRODUCT_BUNDLE_IDENTIFIER = "App-Team.AppTeam-Final-ProjectTests";
				PRODUCT_NAME = "$(TARGET_NAME)";
				SWIFT_EMIT_LOC_STRINGS = NO;
				SWIFT_VERSION = 5.0;
				TARGETED_DEVICE_FAMILY = "1,2";
				TEST_HOST = "$(BUILT_PRODUCTS_DIR)/AppTeam Final Project.app/$(BUNDLE_EXECUTABLE_FOLDER_PATH)/AppTeam Final Project";
			};
			name = Debug;
		};
		976425CA2DA5DF9A0044024D /* Release */ = {
			isa = XCBuildConfiguration;
			buildSettings = {
				BUNDLE_LOADER = "$(TEST_HOST)";
				CODE_SIGN_STYLE = Automatic;
				CURRENT_PROJECT_VERSION = 1;
				GENERATE_INFOPLIST_FILE = YES;
				IPHONEOS_DEPLOYMENT_TARGET = 18.2;
				MARKETING_VERSION = 1.0;
				PRODUCT_BUNDLE_IDENTIFIER = "App-Team.AppTeam-Final-ProjectTests";
				PRODUCT_NAME = "$(TARGET_NAME)";
				SWIFT_EMIT_LOC_STRINGS = NO;
				SWIFT_VERSION = 5.0;
				TARGETED_DEVICE_FAMILY = "1,2";
				TEST_HOST = "$(BUILT_PRODUCTS_DIR)/AppTeam Final Project.app/$(BUNDLE_EXECUTABLE_FOLDER_PATH)/AppTeam Final Project";
			};
			name = Release;
		};
		976425CC2DA5DF9A0044024D /* Debug */ = {
			isa = XCBuildConfiguration;
			buildSettings = {
				CODE_SIGN_STYLE = Automatic;
				CURRENT_PROJECT_VERSION = 1;
				GENERATE_INFOPLIST_FILE = YES;
				MARKETING_VERSION = 1.0;
				PRODUCT_BUNDLE_IDENTIFIER = "App-Team.AppTeam-Final-ProjectUITests";
				PRODUCT_NAME = "$(TARGET_NAME)";
				SWIFT_EMIT_LOC_STRINGS = NO;
				SWIFT_VERSION = 5.0;
				TARGETED_DEVICE_FAMILY = "1,2";
				TEST_TARGET_NAME = "AppTeam Final Project";
			};
			name = Debug;
		};
		976425CD2DA5DF9A0044024D /* Release */ = {
			isa = XCBuildConfiguration;
			buildSettings = {
				CODE_SIGN_STYLE = Automatic;
				CURRENT_PROJECT_VERSION = 1;
				GENERATE_INFOPLIST_FILE = YES;
				MARKETING_VERSION = 1.0;
				PRODUCT_BUNDLE_IDENTIFIER = "App-Team.AppTeam-Final-ProjectUITests";
				PRODUCT_NAME = "$(TARGET_NAME)";
				SWIFT_EMIT_LOC_STRINGS = NO;
				SWIFT_VERSION = 5.0;
				TARGETED_DEVICE_FAMILY = "1,2";
				TEST_TARGET_NAME = "AppTeam Final Project";
			};
			name = Release;
		};
/* End XCBuildConfiguration section */

/* Begin XCConfigurationList section */
		9764259C2DA5DF990044024D /* Build configuration list for PBXProject "AppTeam Final Project" */ = {
			isa = XCConfigurationList;
			buildConfigurations = (
				976425C32DA5DF9A0044024D /* Debug */,
				976425C42DA5DF9A0044024D /* Release */,
			);
			defaultConfigurationIsVisible = 0;
			defaultConfigurationName = Release;
		};
		976425C52DA5DF9A0044024D /* Build configuration list for PBXNativeTarget "AppTeam Final Project" */ = {
			isa = XCConfigurationList;
			buildConfigurations = (
				976425C62DA5DF9A0044024D /* Debug */,
				976425C72DA5DF9A0044024D /* Release */,
			);
			defaultConfigurationIsVisible = 0;
			defaultConfigurationName = Release;
		};
		976425C82DA5DF9A0044024D /* Build configuration list for PBXNativeTarget "AppTeam Final ProjectTests" */ = {
			isa = XCConfigurationList;
			buildConfigurations = (
				976425C92DA5DF9A0044024D /* Debug */,
				976425CA2DA5DF9A0044024D /* Release */,
			);
			defaultConfigurationIsVisible = 0;
			defaultConfigurationName = Release;
		};
		976425CB2DA5DF9A0044024D /* Build configuration list for PBXNativeTarget "AppTeam Final ProjectUITests" */ = {
			isa = XCConfigurationList;
			buildConfigurations = (
				976425CC2DA5DF9A0044024D /* Debug */,
				976425CD2DA5DF9A0044024D /* Release */,
			);
			defaultConfigurationIsVisible = 0;
			defaultConfigurationName = Release;
		};
/* End XCConfigurationList section */
	};
	rootObject = 976425992DA5DF990044024D /* Project object */;
}
